
Microsoft Visual Studio Solution File, Format Version 12.00
# Visual Studio Version 16
VisualStudioVersion = 16.0.29009.5
MinimumVisualStudioVersion = 10.0.40219.1
Project("{FAE04EC0-301F-11D3-BF4B-00C04F79EFBC}") = "nodo", "nodo\nodo.csproj", "{8613D32B-3811-48FA-A220-6A29571C963A}"
EndProject
Global
	GlobalSection(SolutionConfigurationPlatforms) = preSolution
		Debug|Any CPU = Debug|Any CPU
		Release|Any CPU = Release|Any CPU
	EndGlobalSection
	GlobalSection(ProjectConfigurationPlatforms) = postSolution
		{8613D32B-3811-48FA-A220-6A29571C963A}.Debug|Any CPU.ActiveCfg = Debug|Any CPU
		{8613D32B-3811-48FA-A220-6A29571C963A}.Debug|Any CPU.Build.0 = Debug|Any CPU
		{8613D32B-3811-48FA-A220-6A29571C963A}.Release|Any CPU.ActiveCfg = Release|Any CPU
		{8613D32B-3811-48FA-A220-6A29571C963A}.Release|Any CPU.Build.0 = Release|Any CPU
	EndGlobalSection
	GlobalSection(SolutionProperties) = preSolution
		HideSolutionNode = FALSE
	EndGlobalSection
	GlobalSection(ExtensibilityGlobals) = postSolution
		SolutionGuid = {36FF9233-363E-49F6-9319-A804B410C6DB}
	EndGlobalSection
EndGlobal
